
Microsoft Visual Studio Solution File, Format Version 12.00
# Visual Studio Version 17
VisualStudioVersion = 17.11.35312.102
MinimumVisualStudioVersion = 10.0.40219.1
Project("{9A19103F-16F7-4668-BE54-9A1E7A4F7556}") = "BulkyWeb", "BulkyWeb\BulkyWeb.csproj", "{0863B0DD-A387-4197-9D5D-37C04752C437}"
EndProject
Project("{FAE04EC0-301F-11D3-BF4B-00C04F79EFBC}") = "Bulky.DataAccess", "Bulky.DataAccess\Bulky.DataAccess.csproj", "{FACD6C39-1CBD-4411-A554-F04B9F66D6CF}"
EndProject
Project("{FAE04EC0-301F-11D3-BF4B-00C04F79EFBC}") = "Bulky.Models", "Bulky.Models\Bulky.Models.csproj", "{D17350C7-DC65-4F80-87C4-EBC80757E4B2}"
EndProject
Project("{FAE04EC0-301F-11D3-BF4B-00C04F79EFBC}") = "Bulky.Utility", "Bulky.Utility\Bulky.Utility.csproj", "{9F547FE2-EA1D-452D-B024-A4B901A3427B}"
EndProject
Global
	GlobalSection(SolutionConfigurationPlatforms) = preSolution
		Debug|Any CPU = Debug|Any CPU
		Release|Any CPU = Release|Any CPU
	EndGlobalSection
	GlobalSection(ProjectConfigurationPlatforms) = postSolution
		{0863B0DD-A387-4197-9D5D-37C04752C437}.Debug|Any CPU.ActiveCfg = Debug|Any CPU
		{0863B0DD-A387-4197-9D5D-37C04752C437}.Debug|Any CPU.Build.0 = Debug|Any CPU
		{0863B0DD-A387-4197-9D5D-37C04752C437}.Release|Any CPU.ActiveCfg = Release|Any CPU
		{0863B0DD-A387-4197-9D5D-37C04752C437}.Release|Any CPU.Build.0 = Release|Any CPU
		{FACD6C39-1CBD-4411-A554-F04B9F66D6CF}.Debug|Any CPU.ActiveCfg = Debug|Any CPU
		{FACD6C39-1CBD-4411-A554-F04B9F66D6CF}.Debug|Any CPU.Build.0 = Debug|Any CPU
		{FACD6C39-1CBD-4411-A554-F04B9F66D6CF}.Release|Any CPU.ActiveCfg = Release|Any CPU
		{FACD6C39-1CBD-4411-A554-F04B9F66D6CF}.Release|Any CPU.Build.0 = Release|Any CPU
		{D17350C7-DC65-4F80-87C4-EBC80757E4B2}.Debug|Any CPU.ActiveCfg = Debug|Any CPU
		{D17350C7-DC65-4F80-87C4-EBC80757E4B2}.Debug|Any CPU.Build.0 = Debug|Any CPU
		{D17350C7-DC65-4F80-87C4-EBC80757E4B2}.Release|Any CPU.ActiveCfg = Release|Any CPU
		{D17350C7-DC65-4F80-87C4-EBC80757E4B2}.Release|Any CPU.Build.0 = Release|Any CPU
		{9F547FE2-EA1D-452D-B024-A4B901A3427B}.Debug|Any CPU.ActiveCfg = Debug|Any CPU
		{9F547FE2-EA1D-452D-B024-A4B901A3427B}.Debug|Any CPU.Build.0 = Debug|Any CPU
		{9F547FE2-EA1D-452D-B024-A4B901A3427B}.Release|Any CPU.ActiveCfg = Release|Any CPU
		{9F547FE2-EA1D-452D-B024-A4B901A3427B}.Release|Any CPU.Build.0 = Release|Any CPU
	EndGlobalSection
	GlobalSection(SolutionProperties) = preSolution
		HideSolutionNode = FALSE
	EndGlobalSection
	GlobalSection(ExtensibilityGlobals) = postSolution
		SolutionGuid = {75EE3FF7-9D95-43F9-9B8E-7B13CD03A81D}
	EndGlobalSection
EndGlobal
